
Microsoft Visual Studio Solution File, Format Version 12.00
# Visual Studio Version 17
VisualStudioVersion = 17.1.32407.343
MinimumVisualStudioVersion = 10.0.40219.1
Project("{9A19103F-16F7-4668-BE54-9A1E7A4F7556}") = "SquareSolverTests", "SquareSolverTests\SquareSolverTests.csproj", "{0EB80E23-195C-4C79-8BE1-9A3B29009C25}"
EndProject
Project("{9A19103F-16F7-4668-BE54-9A1E7A4F7556}") = "SquareSolverLib", "SquareSolverLib\SquareSolverLib.csproj", "{B94B9896-2BFD-46A5-B8DA-B6C20FE319B4}"
EndProject
Global
	GlobalSection(SolutionConfigurationPlatforms) = preSolution
		Debug|Any CPU = Debug|Any CPU
		Release|Any CPU = Release|Any CPU
	EndGlobalSection
	GlobalSection(ProjectConfigurationPlatforms) = postSolution
		{0EB80E23-195C-4C79-8BE1-9A3B29009C25}.Debug|Any CPU.ActiveCfg = Debug|Any CPU
		{0EB80E23-195C-4C79-8BE1-9A3B29009C25}.Debug|Any CPU.Build.0 = Debug|Any CPU
		{0EB80E23-195C-4C79-8BE1-9A3B29009C25}.Release|Any CPU.ActiveCfg = Release|Any CPU
		{0EB80E23-195C-4C79-8BE1-9A3B29009C25}.Release|Any CPU.Build.0 = Release|Any CPU
		{B94B9896-2BFD-46A5-B8DA-B6C20FE319B4}.Debug|Any CPU.ActiveCfg = Debug|Any CPU
		{B94B9896-2BFD-46A5-B8DA-B6C20FE319B4}.Debug|Any CPU.Build.0 = Debug|Any CPU
		{B94B9896-2BFD-46A5-B8DA-B6C20FE319B4}.Release|Any CPU.ActiveCfg = Release|Any CPU
		{B94B9896-2BFD-46A5-B8DA-B6C20FE319B4}.Release|Any CPU.Build.0 = Release|Any CPU
	EndGlobalSection
	GlobalSection(SolutionProperties) = preSolution
		HideSolutionNode = FALSE
	EndGlobalSection
	GlobalSection(ExtensibilityGlobals) = postSolution
		SolutionGuid = {B6F5CE2D-BF9D-4C94-8B8D-EA9525BB9DC2}
	EndGlobalSection
EndGlobal
